
Microsoft Visual Studio Solution File, Format Version 12.00
# Visual Studio 14
VisualStudioVersion = 14.0.25123.0
MinimumVisualStudioVersion = 10.0.40219.1
Project("{FAE04EC0-301F-11D3-BF4B-00C04F79EFBC}") = "Eventer", "Eventer\Eventer.csproj", "{B1676500-D246-4870-91BE-A87FB5BB3D8C}"
EndProject
Project("{FAE04EC0-301F-11D3-BF4B-00C04F79EFBC}") = "EventerTestsMSUnit", "EventerTestsMSUnit\EventerTestsMSUnit.csproj", "{EB52AD33-492D-4668-8817-75F0C6429A58}"
EndProject
Project("{FAE04EC0-301F-11D3-BF4B-00C04F79EFBC}") = "EventerTestsNUnit", "EventerTestsNUnit\EventerTestsNUnit.csproj", "{A2EFED0E-4179-4BBE-A910-1D832C3CBA1B}"
EndProject
Global
	GlobalSection(Performance) = preSolution
		HasPerformanceSessions = true
	EndGlobalSection
	GlobalSection(SolutionConfigurationPlatforms) = preSolution
		Debug VS|Any CPU = Debug VS|Any CPU
		Debug VS|ARM = Debug VS|ARM
		Debug VS|x64 = Debug VS|x64
		Debug VS|x86 = Debug VS|x86
		Debug|Any CPU = Debug|Any CPU
		Debug|ARM = Debug|ARM
		Debug|x64 = Debug|x64
		Debug|x86 = Debug|x86
		Release VS|Any CPU = Release VS|Any CPU
		Release VS|ARM = Release VS|ARM
		Release VS|x64 = Release VS|x64
		Release VS|x86 = Release VS|x86
		Release|Any CPU = Release|Any CPU
		Release|ARM = Release|ARM
		Release|x64 = Release|x64
		Release|x86 = Release|x86
		Tests|Any CPU = Tests|Any CPU
		Tests|ARM = Tests|ARM
		Tests|x64 = Tests|x64
		Tests|x86 = Tests|x86
	EndGlobalSection
	GlobalSection(ProjectConfigurationPlatforms) = postSolution
		{B1676500-D246-4870-91BE-A87FB5BB3D8C}.Debug VS|Any CPU.ActiveCfg = Debug VS|Any CPU
		{B1676500-D246-4870-91BE-A87FB5BB3D8C}.Debug VS|Any CPU.Build.0 = Debug VS|Any CPU
		{B1676500-D246-4870-91BE-A87FB5BB3D8C}.Debug VS|ARM.ActiveCfg = Debug VS|Any CPU
		{B1676500-D246-4870-91BE-A87FB5BB3D8C}.Debug VS|ARM.Build.0 = Debug VS|Any CPU
		{B1676500-D246-4870-91BE-A87FB5BB3D8C}.Debug VS|x64.ActiveCfg = Debug VS|Any CPU
		{B1676500-D246-4870-91BE-A87FB5BB3D8C}.Debug VS|x64.Build.0 = Debug VS|Any CPU
		{B1676500-D246-4870-91BE-A87FB5BB3D8C}.Debug VS|x86.ActiveCfg = Debug VS|Any CPU
		{B1676500-D246-4870-91BE-A87FB5BB3D8C}.Debug VS|x86.Build.0 = Debug VS|Any CPU
		{B1676500-D246-4870-91BE-A87FB5BB3D8C}.Debug|Any CPU.ActiveCfg = Debug|Any CPU
		{B1676500-D246-4870-91BE-A87FB5BB3D8C}.Debug|Any CPU.Build.0 = Debug|Any CPU
		{B1676500-D246-4870-91BE-A87FB5BB3D8C}.Debug|ARM.ActiveCfg = Debug|Any CPU
		{B1676500-D246-4870-91BE-A87FB5BB3D8C}.Debug|ARM.Build.0 = Debug|Any CPU
		{B1676500-D246-4870-91BE-A87FB5BB3D8C}.Debug|x64.ActiveCfg = Debug|Any CPU
		{B1676500-D246-4870-91BE-A87FB5BB3D8C}.Debug|x64.Build.0 = Debug|Any CPU
		{B1676500-D246-4870-91BE-A87FB5BB3D8C}.Debug|x86.ActiveCfg = Debug|Any CPU
		{B1676500-D246-4870-91BE-A87FB5BB3D8C}.Debug|x86.Build.0 = Debug|Any CPU
		{B1676500-D246-4870-91BE-A87FB5BB3D8C}.Release VS|Any CPU.ActiveCfg = Release VS|Any CPU
		{B1676500-D246-4870-91BE-A87FB5BB3D8C}.Release VS|Any CPU.Build.0 = Release VS|Any CPU
		{B1676500-D246-4870-91BE-A87FB5BB3D8C}.Release VS|ARM.ActiveCfg = Release VS|Any CPU
		{B1676500-D246-4870-91BE-A87FB5BB3D8C}.Release VS|ARM.Build.0 = Release VS|Any CPU
		{B1676500-D246-4870-91BE-A87FB5BB3D8C}.Release VS|x64.ActiveCfg = Release VS|Any CPU
		{B1676500-D246-4870-91BE-A87FB5BB3D8C}.Release VS|x64.Build.0 = Release VS|Any CPU
		{B1676500-D246-4870-91BE-A87FB5BB3D8C}.Release VS|x86.ActiveCfg = Release VS|Any CPU
		{B1676500-D246-4870-91BE-A87FB5BB3D8C}.Release VS|x86.Build.0 = Release VS|Any CPU
		{B1676500-D246-4870-91BE-A87FB5BB3D8C}.Release|Any CPU.ActiveCfg = Release|Any CPU
		{B1676500-D246-4870-91BE-A87FB5BB3D8C}.Release|Any CPU.Build.0 = Release|Any CPU
		{B1676500-D246-4870-91BE-A87FB5BB3D8C}.Release|ARM.ActiveCfg = Release|Any CPU
		{B1676500-D246-4870-91BE-A87FB5BB3D8C}.Release|ARM.Build.0 = Release|Any CPU
		{B1676500-D246-4870-91BE-A87FB5BB3D8C}.Release|x64.ActiveCfg = Release|Any CPU
		{B1676500-D246-4870-91BE-A87FB5BB3D8C}.Release|x64.Build.0 = Release|Any CPU
		{B1676500-D246-4870-91BE-A87FB5BB3D8C}.Release|x86.ActiveCfg = Release|Any CPU
		{B1676500-D246-4870-91BE-A87FB5BB3D8C}.Release|x86.Build.0 = Release|Any CPU
		{B1676500-D246-4870-91BE-A87FB5BB3D8C}.Tests|Any CPU.ActiveCfg = Tests|Any CPU
		{B1676500-D246-4870-91BE-A87FB5BB3D8C}.Tests|Any CPU.Build.0 = Tests|Any CPU
		{B1676500-D246-4870-91BE-A87FB5BB3D8C}.Tests|ARM.ActiveCfg = Tests|Any CPU
		{B1676500-D246-4870-91BE-A87FB5BB3D8C}.Tests|ARM.Build.0 = Tests|Any CPU
		{B1676500-D246-4870-91BE-A87FB5BB3D8C}.Tests|x64.ActiveCfg = Tests|Any CPU
		{B1676500-D246-4870-91BE-A87FB5BB3D8C}.Tests|x64.Build.0 = Tests|Any CPU
		{B1676500-D246-4870-91BE-A87FB5BB3D8C}.Tests|x86.ActiveCfg = Tests|Any CPU
		{B1676500-D246-4870-91BE-A87FB5BB3D8C}.Tests|x86.Build.0 = Tests|Any CPU
		{EB52AD33-492D-4668-8817-75F0C6429A58}.Debug VS|Any CPU.ActiveCfg = Debug|Any CPU
		{EB52AD33-492D-4668-8817-75F0C6429A58}.Debug VS|Any CPU.Build.0 = Debug|Any CPU
		{EB52AD33-492D-4668-8817-75F0C6429A58}.Debug VS|ARM.ActiveCfg = Debug|Any CPU
		{EB52AD33-492D-4668-8817-75F0C6429A58}.Debug VS|ARM.Build.0 = Debug|Any CPU
		{EB52AD33-492D-4668-8817-75F0C6429A58}.Debug VS|x64.ActiveCfg = Debug|Any CPU
		{EB52AD33-492D-4668-8817-75F0C6429A58}.Debug VS|x64.Build.0 = Debug|Any CPU
		{EB52AD33-492D-4668-8817-75F0C6429A58}.Debug VS|x86.ActiveCfg = Debug|Any CPU
		{EB52AD33-492D-4668-8817-75F0C6429A58}.Debug VS|x86.Build.0 = Debug|Any CPU
		{EB52AD33-492D-4668-8817-75F0C6429A58}.Debug|Any CPU.ActiveCfg = Debug|Any CPU
		{EB52AD33-492D-4668-8817-75F0C6429A58}.Debug|Any CPU.Build.0 = Debug|Any CPU
		{EB52AD33-492D-4668-8817-75F0C6429A58}.Debug|ARM.ActiveCfg = Debug|Any CPU
		{EB52AD33-492D-4668-8817-75F0C6429A58}.Debug|ARM.Build.0 = Debug|Any CPU
		{EB52AD33-492D-4668-8817-75F0C6429A58}.Debug|x64.ActiveCfg = Debug|Any CPU
		{EB52AD33-492D-4668-8817-75F0C6429A58}.Debug|x64.Build.0 = Debug|Any CPU
		{EB52AD33-492D-4668-8817-75F0C6429A58}.Debug|x86.ActiveCfg = Debug|Any CPU
		{EB52AD33-492D-4668-8817-75F0C6429A58}.Debug|x86.Build.0 = Debug|Any CPU
		{EB52AD33-492D-4668-8817-75F0C6429A58}.Release VS|Any CPU.ActiveCfg = Release|Any CPU
		{EB52AD33-492D-4668-8817-75F0C6429A58}.Release VS|Any CPU.Build.0 = Release|Any CPU
		{EB52AD33-492D-4668-8817-75F0C6429A58}.Release VS|ARM.ActiveCfg = Release|Any CPU
		{EB52AD33-492D-4668-8817-75F0C6429A58}.Release VS|ARM.Build.0 = Release|Any CPU
		{EB52AD33-492D-4668-8817-75F0C6429A58}.Release VS|x64.ActiveCfg = Release|Any CPU
		{EB52AD33-492D-4668-8817-75F0C6429A58}.Release VS|x64.Build.0 = Release|Any CPU
		{EB52AD33-492D-4668-8817-75F0C6429A58}.Release VS|x86.ActiveCfg = Release|Any CPU
		{EB52AD33-492D-4668-8817-75F0C6429A58}.Release VS|x86.Build.0 = Release|Any CPU
		{EB52AD33-492D-4668-8817-75F0C6429A58}.Release|Any CPU.ActiveCfg = Release|Any CPU
		{EB52AD33-492D-4668-8817-75F0C6429A58}.Release|Any CPU.Build.0 = Release|Any CPU
		{EB52AD33-492D-4668-8817-75F0C6429A58}.Release|ARM.ActiveCfg = Release|Any CPU
		{EB52AD33-492D-4668-8817-75F0C6429A58}.Release|ARM.Build.0 = Release|Any CPU
		{EB52AD33-492D-4668-8817-75F0C6429A58}.Release|x64.ActiveCfg = Release|Any CPU
		{EB52AD33-492D-4668-8817-75F0C6429A58}.Release|x64.Build.0 = Release|Any CPU
		{EB52AD33-492D-4668-8817-75F0C6429A58}.Release|x86.ActiveCfg = Release|Any CPU
		{EB52AD33-492D-4668-8817-75F0C6429A58}.Release|x86.Build.0 = Release|Any CPU
		{EB52AD33-492D-4668-8817-75F0C6429A58}.Tests|Any CPU.ActiveCfg = Tests|Any CPU
		{EB52AD33-492D-4668-8817-75F0C6429A58}.Tests|Any CPU.Build.0 = Tests|Any CPU
		{EB52AD33-492D-4668-8817-75F0C6429A58}.Tests|ARM.ActiveCfg = Tests|Any CPU
		{EB52AD33-492D-4668-8817-75F0C6429A58}.Tests|ARM.Build.0 = Tests|Any CPU
		{EB52AD33-492D-4668-8817-75F0C6429A58}.Tests|x64.ActiveCfg = Tests|Any CPU
		{EB52AD33-492D-4668-8817-75F0C6429A58}.Tests|x64.Build.0 = Tests|Any CPU
		{EB52AD33-492D-4668-8817-75F0C6429A58}.Tests|x86.ActiveCfg = Tests|Any CPU
		{EB52AD33-492D-4668-8817-75F0C6429A58}.Tests|x86.Build.0 = Tests|Any CPU
		{A2EFED0E-4179-4BBE-A910-1D832C3CBA1B}.Debug VS|Any CPU.ActiveCfg = Debug|Any CPU
		{A2EFED0E-4179-4BBE-A910-1D832C3CBA1B}.Debug VS|Any CPU.Build.0 = Debug|Any CPU
		{A2EFED0E-4179-4BBE-A910-1D832C3CBA1B}.Debug VS|ARM.ActiveCfg = Debug|Any CPU
		{A2EFED0E-4179-4BBE-A910-1D832C3CBA1B}.Debug VS|ARM.Build.0 = Debug|Any CPU
		{A2EFED0E-4179-4BBE-A910-1D832C3CBA1B}.Debug VS|x64.ActiveCfg = Debug|Any CPU
		{A2EFED0E-4179-4BBE-A910-1D832C3CBA1B}.Debug VS|x64.Build.0 = Debug|Any CPU
		{A2EFED0E-4179-4BBE-A910-1D832C3CBA1B}.Debug VS|x86.ActiveCfg = Debug|Any CPU
		{A2EFED0E-4179-4BBE-A910-1D832C3CBA1B}.Debug|Any CPU.ActiveCfg = Debug|Any CPU
		{A2EFED0E-4179-4BBE-A910-1D832C3CBA1B}.Debug|Any CPU.Build.0 = Debug|Any CPU
		{A2EFED0E-4179-4BBE-A910-1D832C3CBA1B}.Debug|ARM.ActiveCfg = Debug|Any CPU
		{A2EFED0E-4179-4BBE-A910-1D832C3CBA1B}.Debug|ARM.Build.0 = Debug|Any CPU
		{A2EFED0E-4179-4BBE-A910-1D832C3CBA1B}.Debug|x64.ActiveCfg = Debug|Any CPU
		{A2EFED0E-4179-4BBE-A910-1D832C3CBA1B}.Debug|x64.Build.0 = Debug|Any CPU
		{A2EFED0E-4179-4BBE-A910-1D832C3CBA1B}.Debug|x86.ActiveCfg = Debug|Any CPU
		{A2EFED0E-4179-4BBE-A910-1D832C3CBA1B}.Debug|x86.Build.0 = Debug|Any CPU
		{A2EFED0E-4179-4BBE-A910-1D832C3CBA1B}.Release VS|Any CPU.ActiveCfg = Release|Any CPU
		{A2EFED0E-4179-4BBE-A910-1D832C3CBA1B}.Release VS|Any CPU.Build.0 = Release|Any CPU
		{A2EFED0E-4179-4BBE-A910-1D832C3CBA1B}.Release VS|ARM.ActiveCfg = Release|Any CPU
		{A2EFED0E-4179-4BBE-A910-1D832C3CBA1B}.Release VS|ARM.Build.0 = Release|Any CPU
		{A2EFED0E-4179-4BBE-A910-1D832C3CBA1B}.Release VS|x64.ActiveCfg = Release|Any CPU
		{A2EFED0E-4179-4BBE-A910-1D832C3CBA1B}.Release VS|x64.Build.0 = Release|Any CPU
		{A2EFED0E-4179-4BBE-A910-1D832C3CBA1B}.Release VS|x86.ActiveCfg = Release|Any CPU
		{A2EFED0E-4179-4BBE-A910-1D832C3CBA1B}.Release|Any CPU.ActiveCfg = Release|Any CPU
		{A2EFED0E-4179-4BBE-A910-1D832C3CBA1B}.Release|Any CPU.Build.0 = Release|Any CPU
		{A2EFED0E-4179-4BBE-A910-1D832C3CBA1B}.Release|ARM.ActiveCfg = Release|Any CPU
		{A2EFED0E-4179-4BBE-A910-1D832C3CBA1B}.Release|ARM.Build.0 = Release|Any CPU
		{A2EFED0E-4179-4BBE-A910-1D832C3CBA1B}.Release|x64.ActiveCfg = Release|Any CPU
		{A2EFED0E-4179-4BBE-A910-1D832C3CBA1B}.Release|x64.Build.0 = Release|Any CPU
		{A2EFED0E-4179-4BBE-A910-1D832C3CBA1B}.Release|x86.ActiveCfg = Release|Any CPU
		{A2EFED0E-4179-4BBE-A910-1D832C3CBA1B}.Tests|Any CPU.ActiveCfg = Tests|Any CPU
		{A2EFED0E-4179-4BBE-A910-1D832C3CBA1B}.Tests|Any CPU.Build.0 = Tests|Any CPU
		{A2EFED0E-4179-4BBE-A910-1D832C3CBA1B}.Tests|ARM.ActiveCfg = Tests|Any CPU
		{A2EFED0E-4179-4BBE-A910-1D832C3CBA1B}.Tests|ARM.Build.0 = Tests|Any CPU
		{A2EFED0E-4179-4BBE-A910-1D832C3CBA1B}.Tests|x64.ActiveCfg = Tests|Any CPU
		{A2EFED0E-4179-4BBE-A910-1D832C3CBA1B}.Tests|x64.Build.0 = Tests|Any CPU
		{A2EFED0E-4179-4BBE-A910-1D832C3CBA1B}.Tests|x86.ActiveCfg = Tests|Any CPU
		{A2EFED0E-4179-4BBE-A910-1D832C3CBA1B}.Tests|x86.Build.0 = Tests|Any CPU
	EndGlobalSection
	GlobalSection(SolutionProperties) = preSolution
		HideSolutionNode = FALSE
	EndGlobalSection
EndGlobal
